
Microsoft Visual Studio Solution File, Format Version 12.00
# Visual Studio Version 17
VisualStudioVersion = 17.2.32630.192
MinimumVisualStudioVersion = 10.0.40219.1
Project("{FAE04EC0-301F-11D3-BF4B-00C04F79EFBC}") = "KeyFunctionsWinfowsFormsApp", "KeyFunctionsWinfowsFormsApp\KeyFunctionsWinfowsFormsApp.csproj", "{0F617AC1-0C42-46EF-ADF5-DC7BD621502A}"
EndProject
Global
	GlobalSection(SolutionConfigurationPlatforms) = preSolution
		Debug|Any CPU = Debug|Any CPU
		Release|Any CPU = Release|Any CPU
	EndGlobalSection
	GlobalSection(ProjectConfigurationPlatforms) = postSolution
		{0F617AC1-0C42-46EF-ADF5-DC7BD621502A}.Debug|Any CPU.ActiveCfg = Debug|Any CPU
		{0F617AC1-0C42-46EF-ADF5-DC7BD621502A}.Debug|Any CPU.Build.0 = Debug|Any CPU
		{0F617AC1-0C42-46EF-ADF5-DC7BD621502A}.Release|Any CPU.ActiveCfg = Release|Any CPU
		{0F617AC1-0C42-46EF-ADF5-DC7BD621502A}.Release|Any CPU.Build.0 = Release|Any CPU
	EndGlobalSection
	GlobalSection(SolutionProperties) = preSolution
		HideSolutionNode = FALSE
	EndGlobalSection
	GlobalSection(ExtensibilityGlobals) = postSolution
		SolutionGuid = {5EDF66DB-7180-4068-9CB3-5F1A0B242C79}
	EndGlobalSection
EndGlobal
